Microsoft Visual Studio Solution File, Format Version 12.00
# Visual Studio Version 17
VisualStudioVersion = 17.0.31903.59
MinimumVisualStudioVersion = 10.0.40219.1
Project("{FAE04EC0-301F-11D3-BF4B-00C04F79EFBC}") = "Tdx.Core", "Tdx.Core\Tdx.Core.csproj", "{A7E4E6B7-7A8D-4F2A-B9C0-1A2E3F4D5B6C}"
EndProject
Project("{FAE04EC0-301F-11D3-BF4B-00C04F79EFBC}") = "Tdx.Example", "Tdx.Example\Tdx.Example.csproj", "{B8F8C9E1-5B7D-4F3C-8A6A-2E3F4D5B6C7D}"
EndProject
Global
	GlobalSection(SolutionConfigurationPlatforms) = preSolution
		Debug|Any CPU = Debug|Any CPU
		Release|Any CPU = Release|Any CPU
	EndGlobalSection
	GlobalSection(ProjectConfigurationPlatforms) = postSolution
		{A7E4E6B7-7A8D-4F2A-B9C0-1A2E3F4D5B6C}.Debug|Any CPU.ActiveCfg = Debug|Any CPU
		{A7E4E6B7-7A8D-4F2A-B9C0-1A2E3F4D5B6C}.Debug|Any CPU.Build.0 = Debug|Any CPU
		{A7E4E6B7-7A8D-4F2A-B9C0-1A2E3F4D5B6C}.Release|Any CPU.ActiveCfg = Release|Any CPU
		{A7E4E6B7-7A8D-4F2A-B9C0-1A2E3F4D5B6C}.Release|Any CPU.Build.0 = Release|Any CPU
		{B8F8C9E1-5B7D-4F3C-8A6A-2E3F4D5B6C7D}.Debug|Any CPU.ActiveCfg = Debug|Any CPU
		{B8F8C9E1-5B7D-4F3C-8A6A-2E3F4D5B6C7D}.Debug|Any CPU.Build.0 = Debug|Any CPU
		{B8F8C9E1-5B7D-4F3C-8A6A-2E3F4D5B6C7D}.Release|Any CPU.ActiveCfg = Release|Any CPU
		{B8F8C9E1-5B7D-4F3C-8A6A-2E3F4D5B6C7D}.Release|Any CPU.Build.0 = Release|Any CPU
	EndGlobalSection
	GlobalSection(SolutionProperties) = preSolution
		HideSolutionNode = FALSE
	EndGlobalSection
EndGlobal
